
Microsoft Visual Studio Solution File, Format Version 12.00
# Visual Studio Version 17
VisualStudioVersion = 17.10.34916.146
MinimumVisualStudioVersion = 10.0.40219.1
Project("{FAE04EC0-301F-11D3-BF4B-00C04F79EFBC}") = "ConcurrentQueueAuto", "ConcurrentQueueAuto\ConcurrentQueueAuto.csproj", "{14AC4F3A-83EC-4BD8-BD5A-C549BAE27252}"
EndProject
Global
	GlobalSection(SolutionConfigurationPlatforms) = preSolution
		Debug|Any CPU = Debug|Any CPU
		Release|Any CPU = Release|Any CPU
	EndGlobalSection
	GlobalSection(ProjectConfigurationPlatforms) = postSolution
		{14AC4F3A-83EC-4BD8-BD5A-C549BAE27252}.Debug|Any CPU.ActiveCfg = Debug|Any CPU
		{14AC4F3A-83EC-4BD8-BD5A-C549BAE27252}.Debug|Any CPU.Build.0 = Debug|Any CPU
		{14AC4F3A-83EC-4BD8-BD5A-C549BAE27252}.Release|Any CPU.ActiveCfg = Release|Any CPU
		{14AC4F3A-83EC-4BD8-BD5A-C549BAE27252}.Release|Any CPU.Build.0 = Release|Any CPU
	EndGlobalSection
	GlobalSection(SolutionProperties) = preSolution
		HideSolutionNode = FALSE
	EndGlobalSection
	GlobalSection(ExtensibilityGlobals) = postSolution
		SolutionGuid = {3EC029ED-29AD-4A59-AE81-71B4BDFE5037}
	EndGlobalSection
EndGlobal
