
Microsoft Visual Studio Solution File, Format Version 12.00
# Visual Studio Version 17
VisualStudioVersion = 17.10.34916.146
MinimumVisualStudioVersion = 10.0.40219.1
Project("{FAE04EC0-301F-11D3-BF4B-00C04F79EFBC}") = "BlockingCollectionAuto", "BlockingCollectionAuto\BlockingCollectionAuto.csproj", "{04CBC41E-6B5C-44E0-AC02-8F3E1BD9802D}"
EndProject
Global
	GlobalSection(SolutionConfigurationPlatforms) = preSolution
		Debug|Any CPU = Debug|Any CPU
		Release|Any CPU = Release|Any CPU
	EndGlobalSection
	GlobalSection(ProjectConfigurationPlatforms) = postSolution
		{04CBC41E-6B5C-44E0-AC02-8F3E1BD9802D}.Debug|Any CPU.ActiveCfg = Debug|Any CPU
		{04CBC41E-6B5C-44E0-AC02-8F3E1BD9802D}.Debug|Any CPU.Build.0 = Debug|Any CPU
		{04CBC41E-6B5C-44E0-AC02-8F3E1BD9802D}.Release|Any CPU.ActiveCfg = Release|Any CPU
		{04CBC41E-6B5C-44E0-AC02-8F3E1BD9802D}.Release|Any CPU.Build.0 = Release|Any CPU
	EndGlobalSection
	GlobalSection(SolutionProperties) = preSolution
		HideSolutionNode = FALSE
	EndGlobalSection
	GlobalSection(ExtensibilityGlobals) = postSolution
		SolutionGuid = {C67FF5FF-D8AB-45CF-8C6F-8145CF9E3190}
	EndGlobalSection
EndGlobal
