
Microsoft Visual Studio Solution File, Format Version 12.00
# Visual Studio Version 17
VisualStudioVersion = 17.10.34916.146
MinimumVisualStudioVersion = 10.0.40219.1
Project("{FAE04EC0-301F-11D3-BF4B-00C04F79EFBC}") = "HashSetAuto", "HashSetAuto\HashSetAuto.csproj", "{FEF2E2AA-A458-4A0A-94C7-AE16E175213D}"
EndProject
Global
	GlobalSection(SolutionConfigurationPlatforms) = preSolution
		Debug|Any CPU = Debug|Any CPU
		Release|Any CPU = Release|Any CPU
	EndGlobalSection
	GlobalSection(ProjectConfigurationPlatforms) = postSolution
		{FEF2E2AA-A458-4A0A-94C7-AE16E175213D}.Debug|Any CPU.ActiveCfg = Debug|Any CPU
		{FEF2E2AA-A458-4A0A-94C7-AE16E175213D}.Debug|Any CPU.Build.0 = Debug|Any CPU
		{FEF2E2AA-A458-4A0A-94C7-AE16E175213D}.Release|Any CPU.ActiveCfg = Release|Any CPU
		{FEF2E2AA-A458-4A0A-94C7-AE16E175213D}.Release|Any CPU.Build.0 = Release|Any CPU
	EndGlobalSection
	GlobalSection(SolutionProperties) = preSolution
		HideSolutionNode = FALSE
	EndGlobalSection
	GlobalSection(ExtensibilityGlobals) = postSolution
		SolutionGuid = {B6164578-27D0-429B-9DD4-349591289C26}
	EndGlobalSection
EndGlobal
