
Microsoft Visual Studio Solution File, Format Version 12.00
# Visual Studio Version 17
VisualStudioVersion = 17.10.34916.146
MinimumVisualStudioVersion = 10.0.40219.1
Project("{FAE04EC0-301F-11D3-BF4B-00C04F79EFBC}") = "ArrayListAuto", "ArrayListAuto\ArrayListAuto.csproj", "{5E39EA3D-A43D-453D-9660-D452E9318212}"
EndProject
Global
	GlobalSection(SolutionConfigurationPlatforms) = preSolution
		Debug|Any CPU = Debug|Any CPU
		Release|Any CPU = Release|Any CPU
	EndGlobalSection
	GlobalSection(ProjectConfigurationPlatforms) = postSolution
		{5E39EA3D-A43D-453D-9660-D452E9318212}.Debug|Any CPU.ActiveCfg = Debug|Any CPU
		{5E39EA3D-A43D-453D-9660-D452E9318212}.Debug|Any CPU.Build.0 = Debug|Any CPU
		{5E39EA3D-A43D-453D-9660-D452E9318212}.Release|Any CPU.ActiveCfg = Release|Any CPU
		{5E39EA3D-A43D-453D-9660-D452E9318212}.Release|Any CPU.Build.0 = Release|Any CPU
	EndGlobalSection
	GlobalSection(SolutionProperties) = preSolution
		HideSolutionNode = FALSE
	EndGlobalSection
	GlobalSection(ExtensibilityGlobals) = postSolution
		SolutionGuid = {62921870-DA28-434F-961A-F1BA7EE3E850}
	EndGlobalSection
EndGlobal
